
Microsoft Visual Studio Solution File, Format Version 12.00
# Visual Studio Version 17
VisualStudioVersion = 17.4.33205.214
MinimumVisualStudioVersion = 10.0.40219.1
Project("{FAE04EC0-301F-11D3-BF4B-00C04F79EFBC}") = "WinFormsApp1", "WinFormsApp1\WinFormsApp1.csproj", "{91C240F6-B0A1-4226-86A9-6E4C8235E99E}"
EndProject
Global
	GlobalSection(SolutionConfigurationPlatforms) = preSolution
		Debug|Any CPU = Debug|Any CPU
		Release|Any CPU = Release|Any CPU
	EndGlobalSection
	GlobalSection(ProjectConfigurationPlatforms) = postSolution
		{91C240F6-B0A1-4226-86A9-6E4C8235E99E}.Debug|Any CPU.ActiveCfg = Debug|Any CPU
		{91C240F6-B0A1-4226-86A9-6E4C8235E99E}.Debug|Any CPU.Build.0 = Debug|Any CPU
		{91C240F6-B0A1-4226-86A9-6E4C8235E99E}.Release|Any CPU.ActiveCfg = Release|Any CPU
		{91C240F6-B0A1-4226-86A9-6E4C8235E99E}.Release|Any CPU.Build.0 = Release|Any CPU
	EndGlobalSection
	GlobalSection(SolutionProperties) = preSolution
		HideSolutionNode = FALSE
	EndGlobalSection
	GlobalSection(ExtensibilityGlobals) = postSolution
		SolutionGuid = {02EC5F51-7345-4D21-8C39-CFB34ECC90EA}
	EndGlobalSection
EndGlobal
